<?xml version="1.0" encoding="UTF-8" standalone="yes" ?>
<CodeBlocks_project_file>
	<FileVersion major="1" minor="6" />
	<Project>
		<Option title="sws" />
		<Option pch_mode="2" />
		<Option compiler="gcc" />
		<Build>
			<Target title="Debug">
				<Option output="bin/Debug/sws" prefix_auto="1" extension_auto="1" />
				<Option object_output="obj/Debug/" />
				<Option type="1" />
				<Option compiler="gcc" />
				<Compiler>
					<Add option="-g" />
					<Add directory="include" />
				</Compiler>
			</Target>
			<Target title="Release">
				<Option output="bin/Release/sws" prefix_auto="1" extension_auto="1" />
				<Option object_output="obj/Release/" />
				<Option type="1" />
				<Option compiler="gcc" />
				<Compiler>
					<Add option="-O2" />
					<Add directory="include" />
				</Compiler>
				<Linker>
					<Add option="-s" />
				</Linker>
			</Target>
		</Build>
		<Compiler>
			<Add option="-Wall" />
			<Add option="-fexceptions" />
			<Add option="`pkg-config gstreamermm-1.0 --cflags`" />
			<Add option="`pkg-config sqlite3 --cflags`" />
			<Add option="`pkg-config libudev --cflags`" />
		</Compiler>
		<Linker>
			<Add option="`pkg-config gstreamermm-1.0 --libs`" />
			<Add option="`pkg-config sqlite3 --libs`" />
			<Add option="`pkg-config libudev --libs`" />
			<Add option="`pkg-config taglib --libs`" />
			<Add library="boost_system" />
			<Add library="boost_filesystem" />
			<Add library="boost_thread" />
			<Add library="magic" />
		</Linker>
		<Unit filename="include/bluetooth.h" />
		<Unit filename="include/config.h" />
		<Unit filename="include/db.h" />
		<Unit filename="include/db_mysql.h" />
		<Unit filename="include/db_sqlite.h" />
		<Unit filename="include/joystick.h" />
		<Unit filename="include/md5.h" />
		<Unit filename="include/player.h" />
		<Unit filename="include/playlist.h" />
		<Unit filename="include/server.h" />
		<Unit filename="include/track.h" />
		<Unit filename="include/utility.h" />
		<Unit filename="main.cpp" />
		<Unit filename="src/bluetooth.cpp" />
		<Unit filename="src/config.cpp" />
		<Unit filename="src/db.cpp" />
		<Unit filename="src/db_mysql.cpp" />
		<Unit filename="src/db_sqlite.cpp" />
		<Unit filename="src/joystick.cpp" />
		<Unit filename="src/player.cpp" />
		<Unit filename="src/playlist.cpp" />
		<Unit filename="src/server.cpp" />
		<Unit filename="src/track.cpp" />
		<Unit filename="src/utility.cpp" />
		<Extensions>
			<envvars />
			<code_completion />
			<debugger />
			<lib_finder disable_auto="1" />
		</Extensions>
	</Project>
</CodeBlocks_project_file>
